
Microsoft Visual Studio Solution File, Format Version 12.00
# Visual Studio Version 17
VisualStudioVersion = 17.14.36310.24 d17.14
MinimumVisualStudioVersion = 10.0.40219.1
Project("{FAE04EC0-301F-11D3-BF4B-00C04F79EFBC}") = "Amethyst925.Core", "Amethyst925.Core\Amethyst925.Core.csproj", "{A3941300-E9F0-4DC7-8134-0ABFD268E7EA}"
EndProject
Project("{FAE04EC0-301F-11D3-BF4B-00C04F79EFBC}") = "Amethyst925.Data", "Amethyst925.Data\Amethyst925.Data.csproj", "{0AB748E8-7A36-4AF8-ADE3-73B59474914C}"
EndProject
Global
	GlobalSection(SolutionConfigurationPlatforms) = preSolution
		Debug|Any CPU = Debug|Any CPU
		Release|Any CPU = Release|Any CPU
	EndGlobalSection
	GlobalSection(ProjectConfigurationPlatforms) = postSolution
		{A3941300-E9F0-4DC7-8134-0ABFD268E7EA}.Debug|Any CPU.ActiveCfg = Debug|Any CPU
		{A3941300-E9F0-4DC7-8134-0ABFD268E7EA}.Debug|Any CPU.Build.0 = Debug|Any CPU
		{A3941300-E9F0-4DC7-8134-0ABFD268E7EA}.Release|Any CPU.ActiveCfg = Release|Any CPU
		{A3941300-E9F0-4DC7-8134-0ABFD268E7EA}.Release|Any CPU.Build.0 = Release|Any CPU
		{0AB748E8-7A36-4AF8-ADE3-73B59474914C}.Debug|Any CPU.ActiveCfg = Debug|Any CPU
		{0AB748E8-7A36-4AF8-ADE3-73B59474914C}.Debug|Any CPU.Build.0 = Debug|Any CPU
		{0AB748E8-7A36-4AF8-ADE3-73B59474914C}.Release|Any CPU.ActiveCfg = Release|Any CPU
		{0AB748E8-7A36-4AF8-ADE3-73B59474914C}.Release|Any CPU.Build.0 = Release|Any CPU
	EndGlobalSection
	GlobalSection(SolutionProperties) = preSolution
		HideSolutionNode = FALSE
	EndGlobalSection
	GlobalSection(ExtensibilityGlobals) = postSolution
		SolutionGuid = {F5164CBE-5378-4328-B1F6-7DA9F283A3CB}
	EndGlobalSection
EndGlobal
